
Microsoft Visual Studio Solution File, Format Version 12.00
# Visual Studio 15
VisualStudioVersion = 15.0.27703.2000
MinimumVisualStudioVersion = 10.0.40219.1
Project("{8BC9CEB8-8B4A-11D0-8D11-00A0C91BC942}") = "RayTracer", "RayTracer\RayTracer.vcxproj", "{5E018746-BF07-4AB0-88B6-E6AC60876145}"
EndProject
Project("{2150E333-8FDC-42A3-9474-1A3956D46DE8}") = "Solution Items", "Solution Items", "{165ACFDE-6FB9-4A74-9CE2-EDD45752CE95}"
	ProjectSection(SolutionItems) = preProject
		RayTracer\Source.cpp = RayTracer\Source.cpp
	EndProjectSection
EndProject
Global
	GlobalSection(SolutionConfigurationPlatforms) = preSolution
		Debug|x64 = Debug|x64
		Debug|x86 = Debug|x86
		Release|x64 = Release|x64
		Release|x86 = Release|x86
	EndGlobalSection
	GlobalSection(ProjectConfigurationPlatforms) = postSolution
		{5E018746-BF07-4AB0-88B6-E6AC60876145}.Debug|x64.ActiveCfg = Debug|x64
		{5E018746-BF07-4AB0-88B6-E6AC60876145}.Debug|x64.Build.0 = Debug|x64
		{5E018746-BF07-4AB0-88B6-E6AC60876145}.Debug|x86.ActiveCfg = Debug|Win32
		{5E018746-BF07-4AB0-88B6-E6AC60876145}.Debug|x86.Build.0 = Debug|Win32
		{5E018746-BF07-4AB0-88B6-E6AC60876145}.Release|x64.ActiveCfg = Release|x64
		{5E018746-BF07-4AB0-88B6-E6AC60876145}.Release|x64.Build.0 = Release|x64
		{5E018746-BF07-4AB0-88B6-E6AC60876145}.Release|x86.ActiveCfg = Release|Win32
		{5E018746-BF07-4AB0-88B6-E6AC60876145}.Release|x86.Build.0 = Release|Win32
	EndGlobalSection
	GlobalSection(SolutionProperties) = preSolution
		HideSolutionNode = FALSE
	EndGlobalSection
	GlobalSection(ExtensibilityGlobals) = postSolution
		SolutionGuid = {0538069B-36B3-4EBA-B035-92D06C35479B}
	EndGlobalSection
EndGlobal
